{
  "version": 4,
  "terraform_version": "1.5.7",
  "serial": 38,
  "lineage": "973fcb8f-ab28-f41a-2ac7-86ec97dd90e0",
  "outputs": {
    "instance_id": {
      "value": "i-0019fcf7db410f11b",
      "type": "string"
    },
    "instance_public_dns": {
      "value": "ec2-18-212-203-48.compute-1.amazonaws.com",
      "type": "string"
    },
    "instance_public_ip": {
      "value": "75.101.245.210",
      "type": "string"
    },
    "langflow_url": {
      "value": "http://75.101.245.210:7860",
      "type": "string"
    },
    "langflow_url_nginx": {
      "value": "http://75.101.245.210",
      "type": "string"
    },
    "security_group_id": {
      "value": "sg-018d7f86e632ca01f",
      "type": "string"
    },
    "ssh_command": {
      "value": "ssh -i ~/.ssh/langflow-key ubuntu@75.101.245.210",
      "type": "string"
    },
    "subnet_id": {
      "value": "subnet-0a0ed57461b32a35e",
      "type": "string"
    },
    "vpc_id": {
      "value": "vpc-051f897b41fde033e",
      "type": "string"
    }
  },
  "resources": [
    {
      "mode": "data",
      "type": "aws_ami",
      "name": "ubuntu",
      "provider": "provider[\"registry.terraform.io/hashicorp/aws\"]",
      "instances": [
        {
          "schema_version": 0,
          "attributes": {
            "architecture": "x86_64",
            "arn": "arn:aws:ec2:us-east-1::image/ami-0bbdd8c17ed981ef9",
            "block_device_mappings": [
              {
                "device_name": "/dev/sda1",
                "ebs": {
                  "delete_on_termination": "true",
                  "encrypted": "false",
                  "iops": "0",
                  "snapshot_id": "snap-044c7fd1c01a7978c",
                  "throughput": "0",
                  "volume_initialization_rate": "0",
                  "volume_size": "8",
                  "volume_type": "gp2"
                },
                "no_device": "",
                "virtual_name": ""
              },
              {
                "device_name": "/dev/sdb",
                "ebs": {},
                "no_device": "",
                "virtual_name": "ephemeral0"
              },
              {
                "device_name": "/dev/sdc",
                "ebs": {},
                "no_device": "",
                "virtual_name": "ephemeral1"
              }
            ],
            "boot_mode": "uefi-preferred",
            "creation_date": "2025-08-22T06:58:58.000Z",
            "deprecation_time": "2027-08-22T06:58:58.000Z",
            "description": "Canonical, Ubuntu, 22.04, amd64 jammy image",
            "ena_support": true,
            "executable_users": null,
            "filter": [
              {
                "name": "architecture",
                "values": [
                  "x86_64"
                ]
              },
              {
                "name": "name",
                "values": [
                  "ubuntu/images/hvm-ssd/ubuntu-jammy-22.04-amd64-server-*"
                ]
              },
              {
                "name": "state",
                "values": [
                  "available"
                ]
              },
              {
                "name": "virtualization-type",
                "values": [
                  "hvm"
                ]
              }
            ],
            "hypervisor": "xen",
            "id": "ami-0bbdd8c17ed981ef9",
            "image_id": "ami-0bbdd8c17ed981ef9",
            "image_location": "amazon/ubuntu/images/hvm-ssd/ubuntu-jammy-22.04-amd64-server-20250822",
            "image_owner_alias": "amazon",
            "image_type": "machine",
            "imds_support": "",
            "include_deprecated": false,
            "kernel_id": "",
            "last_launched_time": "",
            "most_recent": true,
            "name": "ubuntu/images/hvm-ssd/ubuntu-jammy-22.04-amd64-server-20250822",
            "name_regex": null,
            "owner_id": "099720109477",
            "owners": [
              "099720109477"
            ],
            "platform": "",
            "platform_details": "Linux/UNIX",
            "product_codes": [],
            "public": true,
            "ramdisk_id": "",
            "root_device_name": "/dev/sda1",
            "root_device_type": "ebs",
            "root_snapshot_id": "snap-044c7fd1c01a7978c",
            "sriov_net_support": "simple",
            "state": "available",
            "state_reason": {
              "code": "UNSET",
              "message": "UNSET"
            },
            "tags": {},
            "timeouts": null,
            "tpm_support": "",
            "uefi_data": null,
            "usage_operation": "RunInstances",
            "virtualization_type": "hvm"
          },
          "sensitive_attributes": []
        }
      ]
    },
    {
      "mode": "data",
      "type": "aws_availability_zones",
      "name": "available",
      "provider": "provider[\"registry.terraform.io/hashicorp/aws\"]",
      "instances": [
        {
          "schema_version": 0,
          "attributes": {
            "all_availability_zones": null,
            "exclude_names": null,
            "exclude_zone_ids": null,
            "filter": null,
            "group_names": [
              "us-east-1-zg-1"
            ],
            "id": "us-east-1",
            "names": [
              "us-east-1a",
              "us-east-1b",
              "us-east-1c",
              "us-east-1d",
              "us-east-1e",
              "us-east-1f"
            ],
            "state": "available",
            "timeouts": null,
            "zone_ids": [
              "use1-az4",
              "use1-az6",
              "use1-az1",
              "use1-az2",
              "use1-az3",
              "use1-az5"
            ]
          },
          "sensitive_attributes": []
        }
      ]
    },
    {
      "mode": "managed",
      "type": "aws_eip",
      "name": "langflow_eip",
      "provider": "provider[\"registry.terraform.io/hashicorp/aws\"]",
      "instances": [
        {
          "schema_version": 0,
          "attributes": {
            "address": null,
            "allocation_id": "eipalloc-07d71405067870805",
            "arn": "arn:aws:ec2:us-east-1:112113402575:elastic-ip/eipalloc-07d71405067870805",
            "associate_with_private_ip": null,
            "association_id": "eipassoc-05cf0b290759a7b2d",
            "carrier_ip": "",
            "customer_owned_ip": "",
            "customer_owned_ipv4_pool": "",
            "domain": "vpc",
            "id": "eipalloc-07d71405067870805",
            "instance": "i-0019fcf7db410f11b",
            "ipam_pool_id": null,
            "network_border_group": "us-east-1",
            "network_interface": "eni-01ebe7a2a7078fd8a",
            "private_dns": "ip-10-0-1-164.ec2.internal",
            "private_ip": "10.0.1.164",
            "ptr_record": "",
            "public_dns": "ec2-75-101-245-210.compute-1.amazonaws.com",
            "public_ip": "75.101.245.210",
            "public_ipv4_pool": "amazon",
            "tags": {
              "AccountId": "112113402575",
              "Environment": "demo",
              "Name": "langflow-demo-eip"
            },
            "tags_all": {
              "AccountId": "112113402575",
              "Environment": "demo",
              "Name": "langflow-demo-eip"
            },
            "timeouts": null,
            "vpc": true
          },
          "sensitive_attributes": [],
          "private": "eyJlMmJmYjczMC1lY2FhLTExZTYtOGY4OC0zNDM2M2JjN2M0YzAiOnsiZGVsZXRlIjoxODAwMDAwMDAwMDAsInJlYWQiOjkwMDAwMDAwMDAwMCwidXBkYXRlIjozMDAwMDAwMDAwMDB9fQ==",
          "dependencies": [
            "aws_iam_instance_profile.langflow_profile",
            "aws_iam_role.langflow_role",
            "aws_instance.langflow_instance",
            "aws_internet_gateway.langflow_igw",
            "aws_key_pair.langflow_key",
            "aws_security_group.langflow_sg",
            "aws_subnet.langflow_public_subnet",
            "aws_vpc.langflow_vpc",
            "data.aws_ami.ubuntu",
            "data.aws_availability_zones.available"
          ]
        }
      ]
    },
    {
      "mode": "managed",
      "type": "aws_iam_instance_profile",
      "name": "langflow_profile",
      "provider": "provider[\"registry.terraform.io/hashicorp/aws\"]",
      "instances": [
        {
          "schema_version": 0,
          "attributes": {
            "arn": "arn:aws:iam::112113402575:instance-profile/langflow-demo-ec2-profile",
            "create_date": "2025-09-04T01:07:08Z",
            "id": "langflow-demo-ec2-profile",
            "name": "langflow-demo-ec2-profile",
            "name_prefix": "",
            "path": "/",
            "role": "langflow-demo-ec2-role",
            "tags": null,
            "tags_all": {},
            "unique_id": "AIPARUGT2YLH3LOBEUF4U"
          },
          "sensitive_attributes": [],
          "private": "bnVsbA==",
          "dependencies": [
            "aws_iam_role.langflow_role"
          ]
        }
      ]
    },
    {
      "mode": "managed",
      "type": "aws_iam_role",
      "name": "langflow_role",
      "provider": "provider[\"registry.terraform.io/hashicorp/aws\"]",
      "instances": [
        {
          "schema_version": 0,
          "attributes": {
            "arn": "arn:aws:iam::112113402575:role/langflow-demo-ec2-role",
            "assume_role_policy": "{\"Statement\":[{\"Action\":\"sts:AssumeRole\",\"Effect\":\"Allow\",\"Principal\":{\"Service\":\"ec2.amazonaws.com\"}}],\"Version\":\"2012-10-17\"}",
            "create_date": "2025-09-04T01:07:06Z",
            "description": "",
            "force_detach_policies": false,
            "id": "langflow-demo-ec2-role",
            "inline_policy": [],
            "managed_policy_arns": [],
            "max_session_duration": 3600,
            "name": "langflow-demo-ec2-role",
            "name_prefix": "",
            "path": "/",
            "permissions_boundary": "",
            "tags": {
              "AccountId": "112113402575",
              "Environment": "demo",
              "Name": "langflow-demo-ec2-role"
            },
            "tags_all": {
              "AccountId": "112113402575",
              "Environment": "demo",
              "Name": "langflow-demo-ec2-role"
            },
            "unique_id": "AROARUGT2YLHQGNYIU43K"
          },
          "sensitive_attributes": [],
          "private": "bnVsbA=="
        }
      ]
    },
    {
      "mode": "managed",
      "type": "aws_instance",
      "name": "langflow_instance",
      "provider": "provider[\"registry.terraform.io/hashicorp/aws\"]",
      "instances": [
        {
          "schema_version": 1,
          "attributes": {
            "ami": "ami-0bbdd8c17ed981ef9",
            "arn": "arn:aws:ec2:us-east-1:112113402575:instance/i-0019fcf7db410f11b",
            "associate_public_ip_address": true,
            "availability_zone": "us-east-1a",
            "capacity_reservation_specification": [
              {
                "capacity_reservation_preference": "open",
                "capacity_reservation_target": []
              }
            ],
            "cpu_core_count": 1,
            "cpu_options": [
              {
                "amd_sev_snp": "",
                "core_count": 1,
                "threads_per_core": 2
              }
            ],
            "cpu_threads_per_core": 2,
            "credit_specification": [
              {
                "cpu_credits": "unlimited"
              }
            ],
            "disable_api_stop": false,
            "disable_api_termination": false,
            "ebs_block_device": [],
            "ebs_optimized": false,
            "enable_primary_ipv6": null,
            "enclave_options": [
              {
                "enabled": false
              }
            ],
            "ephemeral_block_device": [],
            "get_password_data": false,
            "hibernation": false,
            "host_id": "",
            "host_resource_group_arn": null,
            "iam_instance_profile": "langflow-demo-ec2-profile",
            "id": "i-0019fcf7db410f11b",
            "instance_initiated_shutdown_behavior": "stop",
            "instance_lifecycle": "",
            "instance_market_options": [],
            "instance_state": "running",
            "instance_type": "t3.medium",
            "ipv6_address_count": 0,
            "ipv6_addresses": [],
            "key_name": "langflow-demo-key",
            "launch_template": [],
            "maintenance_options": [
              {
                "auto_recovery": "default"
              }
            ],
            "metadata_options": [
              {
                "http_endpoint": "enabled",
                "http_protocol_ipv6": "disabled",
                "http_put_response_hop_limit": 1,
                "http_tokens": "optional",
                "instance_metadata_tags": "disabled"
              }
            ],
            "monitoring": false,
            "network_interface": [],
            "outpost_arn": "",
            "password_data": "",
            "placement_group": "",
            "placement_partition_number": 0,
            "primary_network_interface_id": "eni-01ebe7a2a7078fd8a",
            "private_dns": "ip-10-0-1-164.ec2.internal",
            "private_dns_name_options": [
              {
                "enable_resource_name_dns_a_record": false,
                "enable_resource_name_dns_aaaa_record": false,
                "hostname_type": "ip-name"
              }
            ],
            "private_ip": "10.0.1.164",
            "public_dns": "ec2-18-212-203-48.compute-1.amazonaws.com",
            "public_ip": "18.212.203.48",
            "root_block_device": [
              {
                "delete_on_termination": true,
                "device_name": "/dev/sda1",
                "encrypted": true,
                "iops": 3000,
                "kms_key_id": "arn:aws:kms:us-east-1:112113402575:key/628aa240-8b71-4196-87a3-e5e95a62df5d",
                "tags": null,
                "tags_all": {},
                "throughput": 125,
                "volume_id": "vol-059f43b2c0bfc9d31",
                "volume_size": 20,
                "volume_type": "gp3"
              }
            ],
            "secondary_private_ips": [],
            "security_groups": [],
            "source_dest_check": true,
            "spot_instance_request_id": "",
            "subnet_id": "subnet-0a0ed57461b32a35e",
            "tags": {
              "AccountId": "112113402575",
              "Environment": "demo",
              "Name": "langflow-demo-instance"
            },
            "tags_all": {
              "AccountId": "112113402575",
              "Environment": "demo",
              "Name": "langflow-demo-instance"
            },
            "tenancy": "default",
            "timeouts": null,
            "user_data": "5e03d9dd14a73b5c14b73625e7c9937dfe2fa475",
            "user_data_base64": null,
            "user_data_replace_on_change": false,
            "volume_tags": null,
            "vpc_security_group_ids": [
              "sg-018d7f86e632ca01f"
            ]
          },
          "sensitive_attributes": [],
          "private": "eyJlMmJmYjczMC1lY2FhLTExZTYtOGY4OC0zNDM2M2JjN2M0YzAiOnsiY3JlYXRlIjo2MDAwMDAwMDAwMDAsImRlbGV0ZSI6MTIwMDAwMDAwMDAwMCwicmVhZCI6OTAwMDAwMDAwMDAwLCJ1cGRhdGUiOjYwMDAwMDAwMDAwMH0sInNjaGVtYV92ZXJzaW9uIjoiMSJ9",
          "dependencies": [
            "aws_iam_instance_profile.langflow_profile",
            "aws_iam_role.langflow_role",
            "aws_key_pair.langflow_key",
            "aws_security_group.langflow_sg",
            "aws_subnet.langflow_public_subnet",
            "aws_vpc.langflow_vpc",
            "data.aws_ami.ubuntu",
            "data.aws_availability_zones.available"
          ]
        }
      ]
    },
    {
      "mode": "managed",
      "type": "aws_internet_gateway",
      "name": "langflow_igw",
      "provider": "provider[\"registry.terraform.io/hashicorp/aws\"]",
      "instances": [
        {
          "schema_version": 0,
          "attributes": {
            "arn": "arn:aws:ec2:us-east-1:112113402575:internet-gateway/igw-0b01311bc7182c66f",
            "id": "igw-0b01311bc7182c66f",
            "owner_id": "112113402575",
            "tags": {
              "AccountId": "112113402575",
              "Environment": "demo",
              "Name": "langflow-demo-igw"
            },
            "tags_all": {
              "AccountId": "112113402575",
              "Environment": "demo",
              "Name": "langflow-demo-igw"
            },
            "timeouts": null,
            "vpc_id": "vpc-051f897b41fde033e"
          },
          "sensitive_attributes": [],
          "private": "eyJlMmJmYjczMC1lY2FhLTExZTYtOGY4OC0zNDM2M2JjN2M0YzAiOnsiY3JlYXRlIjoxMjAwMDAwMDAwMDAwLCJkZWxldGUiOjEyMDAwMDAwMDAwMDAsInVwZGF0ZSI6MTIwMDAwMDAwMDAwMH19",
          "dependencies": [
            "aws_vpc.langflow_vpc"
          ]
        }
      ]
    },
    {
      "mode": "managed",
      "type": "aws_key_pair",
      "name": "langflow_key",
      "provider": "provider[\"registry.terraform.io/hashicorp/aws\"]",
      "instances": [
        {
          "schema_version": 1,
          "attributes": {
            "arn": "arn:aws:ec2:us-east-1:112113402575:key-pair/langflow-demo-key",
            "fingerprint": "47:4e:4a:72:c2:09:93:22:c5:67:72:4b:67:59:ad:06",
            "id": "langflow-demo-key",
            "key_name": "langflow-demo-key",
            "key_name_prefix": "",
            "key_pair_id": "key-05500d0dffffe8741",
            "key_type": "rsa",
            "public_key": "ssh-rsa AAAAB3NzaC1yc2EAAAADAQABAAACAQDEYtjq4QMfI54NfgkI8dmey3N0RNsCIGg9zrF2XvWYPouzQXrSQ5QqiTvA3IFvCoEAjrh0mc+1G89Ikr0Qi988dzpovVt0/Sff05mlkvBqwnVd9CKZsS5NcBXWR+7BfGBRrmrXiB3unQaWah1zi5uNB4CfyMOIx4qsNzG4m/TaDVBW0941h00IO6OzBMfRZskH91sIfB82Smz1kd/O2fZjej6OimWSauCtzPhN2bq4XUoagxdpKDIVhln30rtfyUGVrpLSEu9sqEZxJOfsISlHUwZvO7WK5b/BSi2eXe7nQz87Nu7kwRueUsK0ulkVmDPiE5bWLcLrG6Q7OnmuTaL+x8eOlZztHnMXrPtVQT+33wz7VkrknCzCUY5PuwGxWZtzd+WAKfXqIuy9pZqBtkWKeHt67rO/zKg+YqdScn55eqeX1zExWQdL6H2Hr5uPr3JAx4f2hzhvp3dcchgE9YGdj2RZK5rk5adyBUTg5W7llGIx+kyTSbYvUjU1miKN233UDMwstvHSUG4NI8+KZuKwXiV9aCXDrdmU4aFOktMHfckliqjwiUY8pc4pOP8Ntk76TnMvDX/O5al8JpCumj0KEEg+N/R/48sq819a2z/sD0vuJ1inN/+tmEkztZnx2e5CAEwRtBp6SG1K2BTX5SQ+eafvndtb5QdownWqlj3nSQ==",
            "tags": null,
            "tags_all": {}
          },
          "sensitive_attributes": [],
          "private": "eyJzY2hlbWFfdmVyc2lvbiI6IjEifQ=="
        }
      ]
    },
    {
      "mode": "managed",
      "type": "aws_route_table",
      "name": "langflow_public_rt",
      "provider": "provider[\"registry.terraform.io/hashicorp/aws\"]",
      "instances": [
        {
          "schema_version": 0,
          "attributes": {
            "arn": "arn:aws:ec2:us-east-1:112113402575:route-table/rtb-0cfdb89c3c86420b4",
            "id": "rtb-0cfdb89c3c86420b4",
            "owner_id": "112113402575",
            "propagating_vgws": [],
            "route": [
              {
                "carrier_gateway_id": "",
                "cidr_block": "0.0.0.0/0",
                "core_network_arn": "",
                "destination_prefix_list_id": "",
                "egress_only_gateway_id": "",
                "gateway_id": "igw-0b01311bc7182c66f",
                "ipv6_cidr_block": "",
                "local_gateway_id": "",
                "nat_gateway_id": "",
                "network_interface_id": "",
                "transit_gateway_id": "",
                "vpc_endpoint_id": "",
                "vpc_peering_connection_id": ""
              }
            ],
            "tags": {
              "AccountId": "112113402575",
              "Environment": "demo",
              "Name": "langflow-demo-public-rt"
            },
            "tags_all": {
              "AccountId": "112113402575",
              "Environment": "demo",
              "Name": "langflow-demo-public-rt"
            },
            "timeouts": null,
            "vpc_id": "vpc-051f897b41fde033e"
          },
          "sensitive_attributes": [],
          "private": "eyJlMmJmYjczMC1lY2FhLTExZTYtOGY4OC0zNDM2M2JjN2M0YzAiOnsiY3JlYXRlIjozMDAwMDAwMDAwMDAsImRlbGV0ZSI6MzAwMDAwMDAwMDAwLCJ1cGRhdGUiOjEyMDAwMDAwMDAwMH19",
          "dependencies": [
            "aws_internet_gateway.langflow_igw",
            "aws_vpc.langflow_vpc"
          ]
        }
      ]
    },
    {
      "mode": "managed",
      "type": "aws_route_table_association",
      "name": "langflow_public_rta",
      "provider": "provider[\"registry.terraform.io/hashicorp/aws\"]",
      "instances": [
        {
          "schema_version": 0,
          "attributes": {
            "gateway_id": "",
            "id": "rtbassoc-0c34bd6835654e53b",
            "route_table_id": "rtb-0cfdb89c3c86420b4",
            "subnet_id": "subnet-0a0ed57461b32a35e",
            "timeouts": null
          },
          "sensitive_attributes": [],
          "private": "eyJlMmJmYjczMC1lY2FhLTExZTYtOGY4OC0zNDM2M2JjN2M0YzAiOnsiY3JlYXRlIjozMDAwMDAwMDAwMDAsImRlbGV0ZSI6MzAwMDAwMDAwMDAwLCJ1cGRhdGUiOjEyMDAwMDAwMDAwMH19",
          "dependencies": [
            "aws_internet_gateway.langflow_igw",
            "aws_route_table.langflow_public_rt",
            "aws_subnet.langflow_public_subnet",
            "aws_vpc.langflow_vpc",
            "data.aws_availability_zones.available"
          ]
        }
      ]
    },
    {
      "mode": "managed",
      "type": "aws_security_group",
      "name": "langflow_sg",
      "provider": "provider[\"registry.terraform.io/hashicorp/aws\"]",
      "instances": [
        {
          "schema_version": 1,
          "attributes": {
            "arn": "arn:aws:ec2:us-east-1:112113402575:security-group/sg-018d7f86e632ca01f",
            "description": "Security group for Langflow instance",
            "egress": [
              {
                "cidr_blocks": [
                  "0.0.0.0/0"
                ],
                "description": "",
                "from_port": 0,
                "ipv6_cidr_blocks": [],
                "prefix_list_ids": [],
                "protocol": "-1",
                "security_groups": [],
                "self": false,
                "to_port": 0
              }
            ],
            "id": "sg-018d7f86e632ca01f",
            "ingress": [
              {
                "cidr_blocks": [
                  "0.0.0.0/0"
                ],
                "description": "HTTP",
                "from_port": 80,
                "ipv6_cidr_blocks": [],
                "prefix_list_ids": [],
                "protocol": "tcp",
                "security_groups": [],
                "self": false,
                "to_port": 80
              },
              {
                "cidr_blocks": [
                  "0.0.0.0/0"
                ],
                "description": "HTTPS",
                "from_port": 443,
                "ipv6_cidr_blocks": [],
                "prefix_list_ids": [],
                "protocol": "tcp",
                "security_groups": [],
                "self": false,
                "to_port": 443
              },
              {
                "cidr_blocks": [
                  "0.0.0.0/0"
                ],
                "description": "Langflow",
                "from_port": 7860,
                "ipv6_cidr_blocks": [],
                "prefix_list_ids": [],
                "protocol": "tcp",
                "security_groups": [],
                "self": false,
                "to_port": 7860
              },
              {
                "cidr_blocks": [
                  "0.0.0.0/0"
                ],
                "description": "SSH",
                "from_port": 22,
                "ipv6_cidr_blocks": [],
                "prefix_list_ids": [],
                "protocol": "tcp",
                "security_groups": [],
                "self": false,
                "to_port": 22
              }
            ],
            "name": "langflow-demo-sg",
            "name_prefix": "",
            "owner_id": "112113402575",
            "revoke_rules_on_delete": false,
            "tags": {
              "AccountId": "112113402575",
              "Environment": "demo",
              "Name": "langflow-demo-sg"
            },
            "tags_all": {
              "AccountId": "112113402575",
              "Environment": "demo",
              "Name": "langflow-demo-sg"
            },
            "timeouts": null,
            "vpc_id": "vpc-051f897b41fde033e"
          },
          "sensitive_attributes": [],
          "private": "eyJlMmJmYjczMC1lY2FhLTExZTYtOGY4OC0zNDM2M2JjN2M0YzAiOnsiY3JlYXRlIjo2MDAwMDAwMDAwMDAsImRlbGV0ZSI6OTAwMDAwMDAwMDAwfSwic2NoZW1hX3ZlcnNpb24iOiIxIn0=",
          "dependencies": [
            "aws_vpc.langflow_vpc"
          ]
        }
      ]
    },
    {
      "mode": "managed",
      "type": "aws_subnet",
      "name": "langflow_public_subnet",
      "provider": "provider[\"registry.terraform.io/hashicorp/aws\"]",
      "instances": [
        {
          "schema_version": 1,
          "attributes": {
            "arn": "arn:aws:ec2:us-east-1:112113402575:subnet/subnet-0a0ed57461b32a35e",
            "assign_ipv6_address_on_creation": false,
            "availability_zone": "us-east-1a",
            "availability_zone_id": "use1-az4",
            "cidr_block": "10.0.1.0/24",
            "customer_owned_ipv4_pool": "",
            "enable_dns64": false,
            "enable_lni_at_device_index": 0,
            "enable_resource_name_dns_a_record_on_launch": false,
            "enable_resource_name_dns_aaaa_record_on_launch": false,
            "id": "subnet-0a0ed57461b32a35e",
            "ipv6_cidr_block": "",
            "ipv6_cidr_block_association_id": "",
            "ipv6_native": false,
            "map_customer_owned_ip_on_launch": false,
            "map_public_ip_on_launch": true,
            "outpost_arn": "",
            "owner_id": "112113402575",
            "private_dns_hostname_type_on_launch": "ip-name",
            "tags": {
              "AccountId": "112113402575",
              "Environment": "demo",
              "Name": "langflow-demo-public-subnet"
            },
            "tags_all": {
              "AccountId": "112113402575",
              "Environment": "demo",
              "Name": "langflow-demo-public-subnet"
            },
            "timeouts": null,
            "vpc_id": "vpc-051f897b41fde033e"
          },
          "sensitive_attributes": [],
          "private": "eyJlMmJmYjczMC1lY2FhLTExZTYtOGY4OC0zNDM2M2JjN2M0YzAiOnsiY3JlYXRlIjo2MDAwMDAwMDAwMDAsImRlbGV0ZSI6MTIwMDAwMDAwMDAwMH0sInNjaGVtYV92ZXJzaW9uIjoiMSJ9",
          "dependencies": [
            "aws_vpc.langflow_vpc",
            "data.aws_availability_zones.available"
          ]
        }
      ]
    },
    {
      "mode": "managed",
      "type": "aws_vpc",
      "name": "langflow_vpc",
      "provider": "provider[\"registry.terraform.io/hashicorp/aws\"]",
      "instances": [
        {
          "schema_version": 1,
          "attributes": {
            "arn": "arn:aws:ec2:us-east-1:112113402575:vpc/vpc-051f897b41fde033e",
            "assign_generated_ipv6_cidr_block": false,
            "cidr_block": "10.0.0.0/16",
            "default_network_acl_id": "acl-0f59d40b1ff969557",
            "default_route_table_id": "rtb-08d6dd75a07f928fd",
            "default_security_group_id": "sg-066601f9ca4662dc6",
            "dhcp_options_id": "dopt-0cb7e776",
            "enable_dns_hostnames": true,
            "enable_dns_support": true,
            "enable_network_address_usage_metrics": false,
            "id": "vpc-051f897b41fde033e",
            "instance_tenancy": "default",
            "ipv4_ipam_pool_id": null,
            "ipv4_netmask_length": null,
            "ipv6_association_id": "",
            "ipv6_cidr_block": "",
            "ipv6_cidr_block_network_border_group": "",
            "ipv6_ipam_pool_id": "",
            "ipv6_netmask_length": 0,
            "main_route_table_id": "rtb-08d6dd75a07f928fd",
            "owner_id": "112113402575",
            "tags": {
              "AccountId": "112113402575",
              "Environment": "demo",
              "Name": "langflow-demo-vpc"
            },
            "tags_all": {
              "AccountId": "112113402575",
              "Environment": "demo",
              "Name": "langflow-demo-vpc"
            }
          },
          "sensitive_attributes": [],
          "private": "eyJzY2hlbWFfdmVyc2lvbiI6IjEifQ=="
        }
      ]
    }
  ],
  "check_results": null
}
